Microsoft Visual Studio Solution File, Format Version 12.00
# Visual Studio Version 17
VisualStudioVersion = 17.5.2.0
MinimumVisualStudioVersion = 10.0.40219.1
Project("{FAE04EC0-301F-11D3-BF4B-00C04F79EFBC}") = "ModelDocLib", "ModelDocLib\ModelDocLib.csproj", "{1D5DCD4A-F8A3-F5F5-3697-2BF5DCEDD78F}"
EndProject
Global
	GlobalSection(SolutionConfigurationPlatforms) = preSolution
		Debug|Any CPU = Debug|Any CPU
		Release|Any CPU = Release|Any CPU
	EndGlobalSection
	GlobalSection(ProjectConfigurationPlatforms) = postSolution
		{1D5DCD4A-F8A3-F5F5-3697-2BF5DCEDD78F}.Debug|Any CPU.ActiveCfg = Debug|Any CPU
		{1D5DCD4A-F8A3-F5F5-3697-2BF5DCEDD78F}.Debug|Any CPU.Build.0 = Debug|Any CPU
		{1D5DCD4A-F8A3-F5F5-3697-2BF5DCEDD78F}.Release|Any CPU.ActiveCfg = Release|Any CPU
		{1D5DCD4A-F8A3-F5F5-3697-2BF5DCEDD78F}.Release|Any CPU.Build.0 = Release|Any CPU
	EndGlobalSection
	GlobalSection(SolutionProperties) = preSolution
		HideSolutionNode = FALSE
	EndGlobalSection
	GlobalSection(ExtensibilityGlobals) = postSolution
		SolutionGuid = {8572399D-3718-415F-AF82-DF012EF96BBE}
	EndGlobalSection
EndGlobal
